
Microsoft Visual Studio Solution File, Format Version 12.00
# Visual Studio 15
VisualStudioVersion = 15.0.26228.12
MinimumVisualStudioVersion = 10.0.40219.1
Project("{2150E333-8FDC-42A3-9474-1A3956D46DE8}") = "Tests", "Tests", "{F0463A62-7F43-43A2-B94D-E8B214BD2875}"
EndProject
Project("{9A19103F-16F7-4668-BE54-9A1E7A4F7556}") = "Quidjibo", "Quidjibo\Quidjibo.csproj", "{08F33B1F-451A-4181-8E66-F43FA93AF629}"
EndProject
Project("{9A19103F-16F7-4668-BE54-9A1E7A4F7556}") = "Quidjibo.Autofac", "Quidjibo.Autofac\Quidjibo.Autofac.csproj", "{7B848D19-FBFB-475F-B1EE-E1DFCA6FD6D4}"
EndProject
Project("{9A19103F-16F7-4668-BE54-9A1E7A4F7556}") = "Quidjibo.Aws.Sqs", "Quidjibo.Aws.Sqs\Quidjibo.Aws.Sqs.csproj", "{5191E11A-C412-43ED-AF03-FE5DB0FF5691}"
EndProject
Project("{9A19103F-16F7-4668-BE54-9A1E7A4F7556}") = "Quidjibo.SqlServer", "Quidjibo.SqlServer\Quidjibo.SqlServer.csproj", "{DD3D3C7A-34D6-4CAA-84F2-079BC2DE065E}"
EndProject
Project("{FAE04EC0-301F-11D3-BF4B-00C04F79EFBC}") = "Quidjibo.Tests", "Quidjibo.Tests\Quidjibo.Tests.csproj", "{0366E4C5-CA41-4E9F-9E91-39D601D053F7}"
EndProject
Project("{FAE04EC0-301F-11D3-BF4B-00C04F79EFBC}") = "Quidjibo.Owin", "Quidjibo.Owin\Quidjibo.Owin.csproj", "{E9BC3F46-DD0F-4011-B7D1-568EBBD97103}"
EndProject
Project("{FAE04EC0-301F-11D3-BF4B-00C04F79EFBC}") = "Quidjibo.SqlServer.Tests", "Quidjibo.SqlServer.Tests\Quidjibo.SqlServer.Tests.csproj", "{FDEC5E42-FE89-4EBE-908D-AA25B9100232}"
EndProject
Project("{FAE04EC0-301F-11D3-BF4B-00C04F79EFBC}") = "Quidjibo.Autofac.Tests", "Quidjibo.Autofac.Tests\Quidjibo.Autofac.Tests.csproj", "{80B69599-836D-419E-AE77-CD40D79A1506}"
EndProject
Project("{FAE04EC0-301F-11D3-BF4B-00C04F79EFBC}") = "Quidjibo.Aws.Sqs.Tests", "Quidjibo.Aws.Sqs.Tests\Quidjibo.Aws.Sqs.Tests.csproj", "{9C3E437D-63AA-4C9C-A1A2-660BE14BEE1A}"
EndProject
Project("{2150E333-8FDC-42A3-9474-1A3956D46DE8}") = "Integrations", "Integrations", "{DEEE8D69-EEEC-4DA6-A628-0DF86297B175}"
EndProject
Project("{2150E333-8FDC-42A3-9474-1A3956D46DE8}") = "Tests", "Tests", "{B71B87C8-3E4C-4648-BF70-EB21446E297F}"
EndProject
Project("{FAE04EC0-301F-11D3-BF4B-00C04F79EFBC}") = "Quidjibo.Azure.ServiceBus", "Quidjibo.Azure.ServiceBus\Quidjibo.Azure.ServiceBus.csproj", "{4567B40F-2D46-42EF-8E02-1865AAC59807}"
EndProject
Project("{FAE04EC0-301F-11D3-BF4B-00C04F79EFBC}") = "Quidjibo.Azure.Storage", "Quidjibo.Azure.Storage\Quidjibo.Azure.Storage.csproj", "{904EC4F3-FDF4-4BFF-9F51-A88DE9D1252F}"
EndProject
Project("{FAE04EC0-301F-11D3-BF4B-00C04F79EFBC}") = "Quidjibo.Azure.Storage.Tests", "Quidjibo.Azure.Storage.Tests\Quidjibo.Azure.Storage.Tests.csproj", "{97B7EC92-CDA4-4555-B53C-32B9AC296C25}"
EndProject
Project("{FAE04EC0-301F-11D3-BF4B-00C04F79EFBC}") = "Quidjibo.Azure.ServiceBus.Tests", "Quidjibo.Azure.ServiceBus.Tests\Quidjibo.Azure.ServiceBus.Tests.csproj", "{4E89F2E2-BBD0-41C2-8222-EFBCFA3B2A49}"
EndProject
Project("{FAE04EC0-301F-11D3-BF4B-00C04F79EFBC}") = "Quidjibo.StructureMap", "Quidjibo.StructureMap\Quidjibo.StructureMap.csproj", "{07F2A1F2-333F-4A28-916B-7FB4002071AA}"
EndProject
Project("{FAE04EC0-301F-11D3-BF4B-00C04F79EFBC}") = "Quidjibo.StructureMap.Tests", "Quidjibo.StructureMap.Tests\Quidjibo.StructureMap.Tests.csproj", "{B18E7D1A-3B98-450F-B139-F8FCA39451F9}"
EndProject
Project("{9A19103F-16F7-4668-BE54-9A1E7A4F7556}") = "Quidjibo.AspNetCore", "Quidjibo.AspNetCore\Quidjibo.AspNetCore.csproj", "{B6D2E6A2-6393-4BB4-8D98-8A057EB53838}"
EndProject
Global
	GlobalSection(SolutionConfigurationPlatforms) = preSolution
		Debug|Any CPU = Debug|Any CPU
		Release|Any CPU = Release|Any CPU
	EndGlobalSection
	GlobalSection(ProjectConfigurationPlatforms) = postSolution
		{08F33B1F-451A-4181-8E66-F43FA93AF629}.Debug|Any CPU.ActiveCfg = Debug|Any CPU
		{08F33B1F-451A-4181-8E66-F43FA93AF629}.Debug|Any CPU.Build.0 = Debug|Any CPU
		{08F33B1F-451A-4181-8E66-F43FA93AF629}.Release|Any CPU.ActiveCfg = Release|Any CPU
		{08F33B1F-451A-4181-8E66-F43FA93AF629}.Release|Any CPU.Build.0 = Release|Any CPU
		{7B848D19-FBFB-475F-B1EE-E1DFCA6FD6D4}.Debug|Any CPU.ActiveCfg = Debug|Any CPU
		{7B848D19-FBFB-475F-B1EE-E1DFCA6FD6D4}.Debug|Any CPU.Build.0 = Debug|Any CPU
		{7B848D19-FBFB-475F-B1EE-E1DFCA6FD6D4}.Release|Any CPU.ActiveCfg = Release|Any CPU
		{7B848D19-FBFB-475F-B1EE-E1DFCA6FD6D4}.Release|Any CPU.Build.0 = Release|Any CPU
		{5191E11A-C412-43ED-AF03-FE5DB0FF5691}.Debug|Any CPU.ActiveCfg = Debug|Any CPU
		{5191E11A-C412-43ED-AF03-FE5DB0FF5691}.Debug|Any CPU.Build.0 = Debug|Any CPU
		{5191E11A-C412-43ED-AF03-FE5DB0FF5691}.Release|Any CPU.ActiveCfg = Release|Any CPU
		{5191E11A-C412-43ED-AF03-FE5DB0FF5691}.Release|Any CPU.Build.0 = Release|Any CPU
		{DD3D3C7A-34D6-4CAA-84F2-079BC2DE065E}.Debug|Any CPU.ActiveCfg = Debug|Any CPU
		{DD3D3C7A-34D6-4CAA-84F2-079BC2DE065E}.Debug|Any CPU.Build.0 = Debug|Any CPU
		{DD3D3C7A-34D6-4CAA-84F2-079BC2DE065E}.Release|Any CPU.ActiveCfg = Release|Any CPU
		{DD3D3C7A-34D6-4CAA-84F2-079BC2DE065E}.Release|Any CPU.Build.0 = Release|Any CPU
		{0366E4C5-CA41-4E9F-9E91-39D601D053F7}.Debug|Any CPU.ActiveCfg = Debug|Any CPU
		{0366E4C5-CA41-4E9F-9E91-39D601D053F7}.Debug|Any CPU.Build.0 = Debug|Any CPU
		{0366E4C5-CA41-4E9F-9E91-39D601D053F7}.Release|Any CPU.ActiveCfg = Release|Any CPU
		{0366E4C5-CA41-4E9F-9E91-39D601D053F7}.Release|Any CPU.Build.0 = Release|Any CPU
		{E9BC3F46-DD0F-4011-B7D1-568EBBD97103}.Debug|Any CPU.ActiveCfg = Debug|Any CPU
		{E9BC3F46-DD0F-4011-B7D1-568EBBD97103}.Debug|Any CPU.Build.0 = Debug|Any CPU
		{E9BC3F46-DD0F-4011-B7D1-568EBBD97103}.Release|Any CPU.ActiveCfg = Release|Any CPU
		{E9BC3F46-DD0F-4011-B7D1-568EBBD97103}.Release|Any CPU.Build.0 = Release|Any CPU
		{FDEC5E42-FE89-4EBE-908D-AA25B9100232}.Debug|Any CPU.ActiveCfg = Debug|Any CPU
		{FDEC5E42-FE89-4EBE-908D-AA25B9100232}.Debug|Any CPU.Build.0 = Debug|Any CPU
		{FDEC5E42-FE89-4EBE-908D-AA25B9100232}.Release|Any CPU.ActiveCfg = Release|Any CPU
		{FDEC5E42-FE89-4EBE-908D-AA25B9100232}.Release|Any CPU.Build.0 = Release|Any CPU
		{80B69599-836D-419E-AE77-CD40D79A1506}.Debug|Any CPU.ActiveCfg = Debug|Any CPU
		{80B69599-836D-419E-AE77-CD40D79A1506}.Debug|Any CPU.Build.0 = Debug|Any CPU
		{80B69599-836D-419E-AE77-CD40D79A1506}.Release|Any CPU.ActiveCfg = Release|Any CPU
		{80B69599-836D-419E-AE77-CD40D79A1506}.Release|Any CPU.Build.0 = Release|Any CPU
		{9C3E437D-63AA-4C9C-A1A2-660BE14BEE1A}.Debug|Any CPU.ActiveCfg = Debug|Any CPU
		{9C3E437D-63AA-4C9C-A1A2-660BE14BEE1A}.Debug|Any CPU.Build.0 = Debug|Any CPU
		{9C3E437D-63AA-4C9C-A1A2-660BE14BEE1A}.Release|Any CPU.ActiveCfg = Release|Any CPU
		{9C3E437D-63AA-4C9C-A1A2-660BE14BEE1A}.Release|Any CPU.Build.0 = Release|Any CPU
		{4567B40F-2D46-42EF-8E02-1865AAC59807}.Debug|Any CPU.ActiveCfg = Debug|Any CPU
		{4567B40F-2D46-42EF-8E02-1865AAC59807}.Debug|Any CPU.Build.0 = Debug|Any CPU
		{4567B40F-2D46-42EF-8E02-1865AAC59807}.Release|Any CPU.ActiveCfg = Release|Any CPU
		{4567B40F-2D46-42EF-8E02-1865AAC59807}.Release|Any CPU.Build.0 = Release|Any CPU
		{904EC4F3-FDF4-4BFF-9F51-A88DE9D1252F}.Debug|Any CPU.ActiveCfg = Debug|Any CPU
		{904EC4F3-FDF4-4BFF-9F51-A88DE9D1252F}.Debug|Any CPU.Build.0 = Debug|Any CPU
		{904EC4F3-FDF4-4BFF-9F51-A88DE9D1252F}.Release|Any CPU.ActiveCfg = Release|Any CPU
		{904EC4F3-FDF4-4BFF-9F51-A88DE9D1252F}.Release|Any CPU.Build.0 = Release|Any CPU
		{97B7EC92-CDA4-4555-B53C-32B9AC296C25}.Debug|Any CPU.ActiveCfg = Debug|Any CPU
		{97B7EC92-CDA4-4555-B53C-32B9AC296C25}.Debug|Any CPU.Build.0 = Debug|Any CPU
		{97B7EC92-CDA4-4555-B53C-32B9AC296C25}.Release|Any CPU.ActiveCfg = Release|Any CPU
		{97B7EC92-CDA4-4555-B53C-32B9AC296C25}.Release|Any CPU.Build.0 = Release|Any CPU
		{4E89F2E2-BBD0-41C2-8222-EFBCFA3B2A49}.Debug|Any CPU.ActiveCfg = Debug|Any CPU
		{4E89F2E2-BBD0-41C2-8222-EFBCFA3B2A49}.Debug|Any CPU.Build.0 = Debug|Any CPU
		{4E89F2E2-BBD0-41C2-8222-EFBCFA3B2A49}.Release|Any CPU.ActiveCfg = Release|Any CPU
		{4E89F2E2-BBD0-41C2-8222-EFBCFA3B2A49}.Release|Any CPU.Build.0 = Release|Any CPU
		{07F2A1F2-333F-4A28-916B-7FB4002071AA}.Debug|Any CPU.ActiveCfg = Debug|Any CPU
		{07F2A1F2-333F-4A28-916B-7FB4002071AA}.Debug|Any CPU.Build.0 = Debug|Any CPU
		{07F2A1F2-333F-4A28-916B-7FB4002071AA}.Release|Any CPU.ActiveCfg = Release|Any CPU
		{07F2A1F2-333F-4A28-916B-7FB4002071AA}.Release|Any CPU.Build.0 = Release|Any CPU
		{B18E7D1A-3B98-450F-B139-F8FCA39451F9}.Debug|Any CPU.ActiveCfg = Debug|Any CPU
		{B18E7D1A-3B98-450F-B139-F8FCA39451F9}.Debug|Any CPU.Build.0 = Debug|Any CPU
		{B18E7D1A-3B98-450F-B139-F8FCA39451F9}.Release|Any CPU.ActiveCfg = Release|Any CPU
		{B18E7D1A-3B98-450F-B139-F8FCA39451F9}.Release|Any CPU.Build.0 = Release|Any CPU
		{B6D2E6A2-6393-4BB4-8D98-8A057EB53838}.Debug|Any CPU.ActiveCfg = Debug|Any CPU
		{B6D2E6A2-6393-4BB4-8D98-8A057EB53838}.Debug|Any CPU.Build.0 = Debug|Any CPU
		{B6D2E6A2-6393-4BB4-8D98-8A057EB53838}.Release|Any CPU.ActiveCfg = Release|Any CPU
		{B6D2E6A2-6393-4BB4-8D98-8A057EB53838}.Release|Any CPU.Build.0 = Release|Any CPU
	EndGlobalSection
	GlobalSection(SolutionProperties) = preSolution
		HideSolutionNode = FALSE
	EndGlobalSection
	GlobalSection(NestedProjects) = preSolution
		{7B848D19-FBFB-475F-B1EE-E1DFCA6FD6D4} = {DEEE8D69-EEEC-4DA6-A628-0DF86297B175}
		{5191E11A-C412-43ED-AF03-FE5DB0FF5691} = {DEEE8D69-EEEC-4DA6-A628-0DF86297B175}
		{DD3D3C7A-34D6-4CAA-84F2-079BC2DE065E} = {DEEE8D69-EEEC-4DA6-A628-0DF86297B175}
		{0366E4C5-CA41-4E9F-9E91-39D601D053F7} = {F0463A62-7F43-43A2-B94D-E8B214BD2875}
		{E9BC3F46-DD0F-4011-B7D1-568EBBD97103} = {DEEE8D69-EEEC-4DA6-A628-0DF86297B175}
		{FDEC5E42-FE89-4EBE-908D-AA25B9100232} = {B71B87C8-3E4C-4648-BF70-EB21446E297F}
		{80B69599-836D-419E-AE77-CD40D79A1506} = {B71B87C8-3E4C-4648-BF70-EB21446E297F}
		{9C3E437D-63AA-4C9C-A1A2-660BE14BEE1A} = {B71B87C8-3E4C-4648-BF70-EB21446E297F}
		{B71B87C8-3E4C-4648-BF70-EB21446E297F} = {DEEE8D69-EEEC-4DA6-A628-0DF86297B175}
		{4567B40F-2D46-42EF-8E02-1865AAC59807} = {DEEE8D69-EEEC-4DA6-A628-0DF86297B175}
		{904EC4F3-FDF4-4BFF-9F51-A88DE9D1252F} = {DEEE8D69-EEEC-4DA6-A628-0DF86297B175}
		{97B7EC92-CDA4-4555-B53C-32B9AC296C25} = {B71B87C8-3E4C-4648-BF70-EB21446E297F}
		{4E89F2E2-BBD0-41C2-8222-EFBCFA3B2A49} = {B71B87C8-3E4C-4648-BF70-EB21446E297F}
		{07F2A1F2-333F-4A28-916B-7FB4002071AA} = {DEEE8D69-EEEC-4DA6-A628-0DF86297B175}
		{B18E7D1A-3B98-450F-B139-F8FCA39451F9} = {B71B87C8-3E4C-4648-BF70-EB21446E297F}
		{B6D2E6A2-6393-4BB4-8D98-8A057EB53838} = {DEEE8D69-EEEC-4DA6-A628-0DF86297B175}
	EndGlobalSection
EndGlobal
